
Microsoft Visual Studio Solution File, Format Version 12.00
# Visual Studio 15
VisualStudioVersion = 15.0.28307.106
MinimumVisualStudioVersion = 10.0.40219.1
Project("{FAE04EC0-301F-11D3-BF4B-00C04F79EFBC}") = "IdentityServer4WithMySQL", "IdentityServer4WithMySQL\IdentityServer4WithMySQL.csproj", "{04A1F4BF-0998-48C3-8B11-BB276F59F0A3}"
EndProject
Global
	GlobalSection(SolutionConfigurationPlatforms) = preSolution
		Debug|Any CPU = Debug|Any CPU
		Release|Any CPU = Release|Any CPU
	EndGlobalSection
	GlobalSection(ProjectConfigurationPlatforms) = postSolution
		{04A1F4BF-0998-48C3-8B11-BB276F59F0A3}.Debug|Any CPU.ActiveCfg = Debug|Any CPU
		{04A1F4BF-0998-48C3-8B11-BB276F59F0A3}.Debug|Any CPU.Build.0 = Debug|Any CPU
		{04A1F4BF-0998-48C3-8B11-BB276F59F0A3}.Release|Any CPU.ActiveCfg = Release|Any CPU
		{04A1F4BF-0998-48C3-8B11-BB276F59F0A3}.Release|Any CPU.Build.0 = Release|Any CPU
	EndGlobalSection
	GlobalSection(SolutionProperties) = preSolution
		HideSolutionNode = FALSE
	EndGlobalSection
	GlobalSection(ExtensibilityGlobals) = postSolution
		SolutionGuid = {F455D380-F811-4D0B-A91C-A048C8B74898}
	EndGlobalSection
EndGlobal
